
Microsoft Visual Studio Solution File, Format Version 12.00
# Visual Studio 15
VisualStudioVersion = 15.0.27130.2027
MinimumVisualStudioVersion = 10.0.40219.1
Project("{9A19103F-16F7-4668-BE54-9A1E7A4F7556}") = "Utils.Collections", "Utils.Collections\Utils.Collections.csproj", "{66E05512-F3C1-4A8E-9EFB-E28A0AE8541E}"
EndProject
Project("{9A19103F-16F7-4668-BE54-9A1E7A4F7556}") = "Utils.Trees", "Utils.Trees\Utils.Trees.csproj", "{32EDE1A2-821B-4985-BB1F-8566E8BEB849}"
EndProject
Project("{9A19103F-16F7-4668-BE54-9A1E7A4F7556}") = "Utils.Structs", "Utils.Structs\Utils.Structs.csproj", "{6A3F5354-0172-4F2E-A5B4-6C00A1A89447}"
EndProject
Project("{9A19103F-16F7-4668-BE54-9A1E7A4F7556}") = "Utils.Introspection", "Utils.Introspection\Utils.Introspection.csproj", "{E19B4CFC-2222-4166-AD92-2A6522FAC44E}"
EndProject
Project("{FAE04EC0-301F-11D3-BF4B-00C04F79EFBC}") = "Utils.Strings", "Utils.Strings\Utils.Strings.csproj", "{77EBD6AE-1ED3-48F8-B479-5AE01DBD7162}"
EndProject
Global
	GlobalSection(SolutionConfigurationPlatforms) = preSolution
		Debug|Any CPU = Debug|Any CPU
		Release|Any CPU = Release|Any CPU
	EndGlobalSection
	GlobalSection(ProjectConfigurationPlatforms) = postSolution
		{66E05512-F3C1-4A8E-9EFB-E28A0AE8541E}.Debug|Any CPU.ActiveCfg = Debug|Any CPU
		{66E05512-F3C1-4A8E-9EFB-E28A0AE8541E}.Debug|Any CPU.Build.0 = Debug|Any CPU
		{66E05512-F3C1-4A8E-9EFB-E28A0AE8541E}.Release|Any CPU.ActiveCfg = Release|Any CPU
		{66E05512-F3C1-4A8E-9EFB-E28A0AE8541E}.Release|Any CPU.Build.0 = Release|Any CPU
		{32EDE1A2-821B-4985-BB1F-8566E8BEB849}.Debug|Any CPU.ActiveCfg = Debug|Any CPU
		{32EDE1A2-821B-4985-BB1F-8566E8BEB849}.Debug|Any CPU.Build.0 = Debug|Any CPU
		{32EDE1A2-821B-4985-BB1F-8566E8BEB849}.Release|Any CPU.ActiveCfg = Release|Any CPU
		{32EDE1A2-821B-4985-BB1F-8566E8BEB849}.Release|Any CPU.Build.0 = Release|Any CPU
		{6A3F5354-0172-4F2E-A5B4-6C00A1A89447}.Debug|Any CPU.ActiveCfg = Debug|Any CPU
		{6A3F5354-0172-4F2E-A5B4-6C00A1A89447}.Debug|Any CPU.Build.0 = Debug|Any CPU
		{6A3F5354-0172-4F2E-A5B4-6C00A1A89447}.Release|Any CPU.ActiveCfg = Release|Any CPU
		{6A3F5354-0172-4F2E-A5B4-6C00A1A89447}.Release|Any CPU.Build.0 = Release|Any CPU
		{E19B4CFC-2222-4166-AD92-2A6522FAC44E}.Debug|Any CPU.ActiveCfg = Debug|Any CPU
		{E19B4CFC-2222-4166-AD92-2A6522FAC44E}.Debug|Any CPU.Build.0 = Debug|Any CPU
		{E19B4CFC-2222-4166-AD92-2A6522FAC44E}.Release|Any CPU.ActiveCfg = Release|Any CPU
		{E19B4CFC-2222-4166-AD92-2A6522FAC44E}.Release|Any CPU.Build.0 = Release|Any CPU
		{77EBD6AE-1ED3-48F8-B479-5AE01DBD7162}.Debug|Any CPU.ActiveCfg = Debug|Any CPU
		{77EBD6AE-1ED3-48F8-B479-5AE01DBD7162}.Debug|Any CPU.Build.0 = Debug|Any CPU
		{77EBD6AE-1ED3-48F8-B479-5AE01DBD7162}.Release|Any CPU.ActiveCfg = Release|Any CPU
		{77EBD6AE-1ED3-48F8-B479-5AE01DBD7162}.Release|Any CPU.Build.0 = Release|Any CPU
	EndGlobalSection
	GlobalSection(SolutionProperties) = preSolution
		HideSolutionNode = FALSE
	EndGlobalSection
	GlobalSection(ExtensibilityGlobals) = postSolution
		SolutionGuid = {0EB2C266-0B89-4066-81ED-FEEAD1F2535F}
	EndGlobalSection
EndGlobal
